// !$*UTF8*$!
{
	archiveVersion = 1;
	classes = {
	};
	objectVersion = 50;
	objects = {

/* Begin PBXBuildFile section */
		6F8C86F4FFCBB0F7B49A26A6 /* Pods_SplitWise.framework in Frameworks */ = {isa = PBXBuildFile; fileRef = 15D81CB2E4B370DFA47F9CDD /* Pods_SplitWise.framework */; };
		BE6B817C22473DCD00FCA327 /* AppDelegate.swift in Sources */ = {isa = PBXBuildFile; fileRef = BE6B817B22473DCD00FCA327 /* AppDelegate.swift */; };
		BE6B818122473DCD00FCA327 /* Main.storyboard in Resources */ = {isa = PBXBuildFile; fileRef = BE6B817F22473DCD00FCA327 /* Main.storyboard */; };
		BE6B818322473DCE00FCA327 /* Assets.xcassets in Resources */ = {isa = PBXBuildFile; fileRef = BE6B818222473DCE00FCA327 /* Assets.xcassets */; };
		BE6B818622473DCE00FCA327 /* LaunchScreen.storyboard in Resources */ = {isa = PBXBuildFile; fileRef = BE6B818422473DCE00FCA327 /* LaunchScreen.storyboard */; };
		BE6B819122473DCE00FCA327 /* SplitWiseTests.swift in Sources */ = {isa = PBXBuildFile; fileRef = BE6B819022473DCE00FCA327 /* SplitWiseTests.swift */; };
		BE6B81A02247951E00FCA327 /* PersistenceService.swift in Sources */ = {isa = PBXBuildFile; fileRef = BE6B819F2247951E00FCA327 /* PersistenceService.swift */; };
		BE6B81A12247951E00FCA327 /* PersistenceService.swift in Sources */ = {isa = PBXBuildFile; fileRef = BE6B819F2247951E00FCA327 /* PersistenceService.swift */; };
		BE6B81A6224796B800FCA327 /* Person.swift in Sources */ = {isa = PBXBuildFile; fileRef = BE6B81A5224796B800FCA327 /* Person.swift */; };
		BE6B81A7224796B800FCA327 /* Person.swift in Sources */ = {isa = PBXBuildFile; fileRef = BE6B81A5224796B800FCA327 /* Person.swift */; };
		BE6D5FB22249F6D500DAAED0 /* ViewController+Additions.swift in Sources */ = {isa = PBXBuildFile; fileRef = BE6D5FB12249F6D500DAAED0 /* ViewController+Additions.swift */; };
		BE6D5FB5224A187100DAAED0 /* CoordinatorType.swift in Sources */ = {isa = PBXBuildFile; fileRef = BEC0560D2248CA0F0000D67B /* CoordinatorType.swift */; };
		BE6D5FB6224A187500DAAED0 /* Scene.swift in Sources */ = {isa = PBXBuildFile; fileRef = BEC0560F2248CA330000D67B /* Scene.swift */; };
		BE6D5FB7224A187500DAAED0 /* SceneTransitionType.swift in Sources */ = {isa = PBXBuildFile; fileRef = BEC056112248CAA00000D67B /* SceneTransitionType.swift */; };
		BE6D5FB8224A187500DAAED0 /* Scene+ViewController.swift in Sources */ = {isa = PBXBuildFile; fileRef = BEC056132248CB1F0000D67B /* Scene+ViewController.swift */; };
		BE6D5FB9224A187500DAAED0 /* SceneCoordinator.swift in Sources */ = {isa = PBXBuildFile; fileRef = BEC056152248CCF90000D67B /* SceneCoordinator.swift */; };
		BE6D5FBA224A361300DAAED0 /* EditGroupViewModel.swift in Sources */ = {isa = PBXBuildFile; fileRef = BEC0560A2248C2320000D67B /* EditGroupViewModel.swift */; };
		BE6D5FBD224A73D200DAAED0 /* MembersViewController.swift in Sources */ = {isa = PBXBuildFile; fileRef = BE6D5FBC224A73D200DAAED0 /* MembersViewController.swift */; };
		BE6D5FBE224A73D500DAAED0 /* MembersViewController.swift in Sources */ = {isa = PBXBuildFile; fileRef = BE6D5FBC224A73D200DAAED0 /* MembersViewController.swift */; };
		BE6D5FC0224A740900DAAED0 /* MembersViewModel.swift in Sources */ = {isa = PBXBuildFile; fileRef = BE6D5FBF224A740900DAAED0 /* MembersViewModel.swift */; };
		BE6D5FC2224A745E00DAAED0 /* MemberService.swift in Sources */ = {isa = PBXBuildFile; fileRef = BE6D5FC1224A745E00DAAED0 /* MemberService.swift */; };
		BE6D5FC3224A7B6300DAAED0 /* MembersViewModel.swift in Sources */ = {isa = PBXBuildFile; fileRef = BE6D5FBF224A740900DAAED0 /* MembersViewModel.swift */; };
		BE6D5FC4224A7D0500DAAED0 /* EditGroupViewController.swift in Sources */ = {isa = PBXBuildFile; fileRef = BEC056072248BA7D0000D67B /* EditGroupViewController.swift */; };
		BE6D5FC6224A805100DAAED0 /* GroupDetailViewController.swift in Sources */ = {isa = PBXBuildFile; fileRef = BE6D5FC5224A805100DAAED0 /* GroupDetailViewController.swift */; };
		BE6D5FC7224A805100DAAED0 /* GroupDetailViewController.swift in Sources */ = {isa = PBXBuildFile; fileRef = BE6D5FC5224A805100DAAED0 /* GroupDetailViewController.swift */; };
		BE6D5FC9224A838500DAAED0 /* GroupViewModel.swift in Sources */ = {isa = PBXBuildFile; fileRef = BE6D5FC8224A838500DAAED0 /* GroupViewModel.swift */; };
		BE6D5FCA224A838500DAAED0 /* GroupViewModel.swift in Sources */ = {isa = PBXBuildFile; fileRef = BE6D5FC8224A838500DAAED0 /* GroupViewModel.swift */; };
		BE6D5FD1224B347500DAAED0 /* UIBarButtonItem.swift in Sources */ = {isa = PBXBuildFile; fileRef = BE6D5FD0224B347500DAAED0 /* UIBarButtonItem.swift */; };
		BE6D5FD2224B347500DAAED0 /* UIBarButtonItem.swift in Sources */ = {isa = PBXBuildFile; fileRef = BE6D5FD0224B347500DAAED0 /* UIBarButtonItem.swift */; };
		BE6D5FD4224B42CF00DAAED0 /* UINavigationController+Rx.swift in Sources */ = {isa = PBXBuildFile; fileRef = BE6D5FD3224B42CE00DAAED0 /* UINavigationController+Rx.swift */; };
		BE6D5FD5224B42CF00DAAED0 /* UINavigationController+Rx.swift in Sources */ = {isa = PBXBuildFile; fileRef = BE6D5FD3224B42CE00DAAED0 /* UINavigationController+Rx.swift */; };
		BE6D5FD7224C72D800DAAED0 /* Expense.swift in Sources */ = {isa = PBXBuildFile; fileRef = BE6D5FD6224C72D800DAAED0 /* Expense.swift */; };
		BE6D5FD9224C74A100DAAED0 /* Transaction.swift in Sources */ = {isa = PBXBuildFile; fileRef = BE6D5FD8224C74A100DAAED0 /* Transaction.swift */; };
		BE6D5FDC224C806900DAAED0 /* ExpensesViewController.swift in Sources */ = {isa = PBXBuildFile; fileRef = BE6D5FDB224C806900DAAED0 /* ExpensesViewController.swift */; };
		BE6D5FDE224C80DA00DAAED0 /* ExpenseService.swift in Sources */ = {isa = PBXBuildFile; fileRef = BE6D5FDD224C80DA00DAAED0 /* ExpenseService.swift */; };
		BE6D5FE0224C94C600DAAED0 /* ExpensesViewModel.swift in Sources */ = {isa = PBXBuildFile; fileRef = BE6D5FDF224C94C600DAAED0 /* ExpensesViewModel.swift */; };
		BE6D5FE1224C974D00DAAED0 /* Expense.swift in Sources */ = {isa = PBXBuildFile; fileRef = BE6D5FD6224C72D800DAAED0 /* Expense.swift */; };
		BE6D5FE2224C974F00DAAED0 /* Transaction.swift in Sources */ = {isa = PBXBuildFile; fileRef = BE6D5FD8224C74A100DAAED0 /* Transaction.swift */; };
		BE6D5FE3224C99EF00DAAED0 /* ExpensesViewModel.swift in Sources */ = {isa = PBXBuildFile; fileRef = BE6D5FDF224C94C600DAAED0 /* ExpensesViewModel.swift */; };
		BE6D5FE5224C9A3200DAAED0 /* EditExpenseViewController.swift in Sources */ = {isa = PBXBuildFile; fileRef = BE6D5FE4224C9A3200DAAED0 /* EditExpenseViewController.swift */; };
		BE6D5FE7224C9A8600DAAED0 /* EditExpenseViewModel.swift in Sources */ = {isa = PBXBuildFile; fileRef = BE6D5FE6224C9A8600DAAED0 /* EditExpenseViewModel.swift */; };
		BE6D5FE8224C9D0000DAAED0 /* EditExpenseViewModel.swift in Sources */ = {isa = PBXBuildFile; fileRef = BE6D5FE6224C9A8600DAAED0 /* EditExpenseViewModel.swift */; };
		BE6D5FEB224CBDC800DAAED0 /* Eureka+Rx.swift in Sources */ = {isa = PBXBuildFile; fileRef = BE6D5FEA224CBDC800DAAED0 /* Eureka+Rx.swift */; };
		BEC055F622488D750000D67B /* Group.swift in Sources */ = {isa = PBXBuildFile; fileRef = BEC055F522488D750000D67B /* Group.swift */; };
		BEC055F722488D750000D67B /* Group.swift in Sources */ = {isa = PBXBuildFile; fileRef = BEC055F522488D750000D67B /* Group.swift */; };
		BEC055FA2248913C0000D67B /* GroupsViewController.swift in Sources */ = {isa = PBXBuildFile; fileRef = BEC055F92248913C0000D67B /* GroupsViewController.swift */; };
		BEC055FB2248913C0000D67B /* GroupsViewController.swift in Sources */ = {isa = PBXBuildFile; fileRef = BEC055F92248913C0000D67B /* GroupsViewController.swift */; };
		BEC055FE224893400000D67B /* GroupsViewModel.swift in Sources */ = {isa = PBXBuildFile; fileRef = BEC055FD224893400000D67B /* GroupsViewModel.swift */; };
		BEC055FF224893400000D67B /* GroupsViewModel.swift in Sources */ = {isa = PBXBuildFile; fileRef = BEC055FD224893400000D67B /* GroupsViewModel.swift */; };
		BEC056022248A2240000D67B /* BindableType.swift in Sources */ = {isa = PBXBuildFile; fileRef = BEC056012248A2240000D67B /* BindableType.swift */; };
		BEC056042248A4760000D67B /* GroupService.swift in Sources */ = {isa = PBXBuildFile; fileRef = BEC056032248A4760000D67B /* GroupService.swift */; };
		BEC056052248A7010000D67B /* GroupService.swift in Sources */ = {isa = PBXBuildFile; fileRef = BEC056032248A4760000D67B /* GroupService.swift */; };
		BEC056062248AEA50000D67B /* BindableType.swift in Sources */ = {isa = PBXBuildFile; fileRef = BEC056012248A2240000D67B /* BindableType.swift */; };
		BEC056082248BA7D0000D67B /* EditGroupViewController.swift in Sources */ = {isa = PBXBuildFile; fileRef = BEC056072248BA7D0000D67B /* EditGroupViewController.swift */; };
		BEC0560B2248C2320000D67B /* EditGroupViewModel.swift in Sources */ = {isa = PBXBuildFile; fileRef = BEC0560A2248C2320000D67B /* EditGroupViewModel.swift */; };
		BEC0560E2248CA0F0000D67B /* CoordinatorType.swift in Sources */ = {isa = PBXBuildFile; fileRef = BEC0560D2248CA0F0000D67B /* CoordinatorType.swift */; };
		BEC056102248CA330000D67B /* Scene.swift in Sources */ = {isa = PBXBuildFile; fileRef = BEC0560F2248CA330000D67B /* Scene.swift */; };
		BEC056122248CAA00000D67B /* SceneTransitionType.swift in Sources */ = {isa = PBXBuildFile; fileRef = BEC056112248CAA00000D67B /* SceneTransitionType.swift */; };
		BEC056142248CB1F0000D67B /* Scene+ViewController.swift in Sources */ = {isa = PBXBuildFile; fileRef = BEC056132248CB1F0000D67B /* Scene+ViewController.swift */; };
		BEC056162248CCF90000D67B /* SceneCoordinator.swift in Sources */ = {isa = PBXBuildFile; fileRef = BEC056152248CCF90000D67B /* SceneCoordinator.swift */; };
		BEC056182248CF770000D67B /* AppManager.swift in Sources */ = {isa = PBXBuildFile; fileRef = BEC056172248CF770000D67B /* AppManager.swift */; };
		BEC056192248CF770000D67B /* AppManager.swift in Sources */ = {isa = PBXBuildFile; fileRef = BEC056172248CF770000D67B /* AppManager.swift */; };
		CD9DAD0AECBAB0A458F12BA9 /* Pods_SplitWiseTests.framework in Frameworks */ = {isa = PBXBuildFile; fileRef = 86CA5C4A54D26C6DC8146A3B /* Pods_SplitWiseTests.framework */; };
/* End PBXBuildFile section */

/* Begin PBXContainerItemProxy section */
		BE6B818D22473DCE00FCA327 /* PBXContainerItemProxy */ = {
			isa = PBXContainerItemProxy;
			containerPortal = BE6B817022473DCD00FCA327 /* Project object */;
			proxyType = 1;
			remoteGlobalIDString = BE6B817722473DCD00FCA327;
			remoteInfo = SplitWise;
		};
/* End PBXContainerItemProxy section */

/* Begin PBXFileReference section */
		02176D5CA5128895103FDEF9 /* Pods-SplitWiseTests.release.xcconfig */ = {isa = PBXFileReference; includeInIndex = 1; lastKnownFileType = text.xcconfig; name = "Pods-SplitWiseTests.release.xcconfig"; path = "Target Support Files/Pods-SplitWiseTests/Pods-SplitWiseTests.release.xcconfig"; sourceTree = "<group>"; };
		15D81CB2E4B370DFA47F9CDD /* Pods_SplitWise.framework */ = {isa = PBXFileReference; explicitFileType = wrapper.framework; includeInIndex = 0; path = Pods_SplitWise.framework; sourceTree = BUILT_PRODUCTS_DIR; };
		185BD43B61390C034345DB8B /* Pods-SplitWiseTests.debug.xcconfig */ = {isa = PBXFileReference; includeInIndex = 1; lastKnownFileType = text.xcconfig; name = "Pods-SplitWiseTests.debug.xcconfig"; path = "Target Support Files/Pods-SplitWiseTests/Pods-SplitWiseTests.debug.xcconfig"; sourceTree = "<group>"; };
		203AEE2010A64387352500A0 /* Pods-SplitWise.release.xcconfig */ = {isa = PBXFileReference; includeInIndex = 1; lastKnownFileType = text.xcconfig; name = "Pods-SplitWise.release.xcconfig"; path = "Target Support Files/Pods-SplitWise/Pods-SplitWise.release.xcconfig"; sourceTree = "<group>"; };
		86CA5C4A54D26C6DC8146A3B /* Pods_SplitWiseTests.framework */ = {isa = PBXFileReference; explicitFileType = wrapper.framework; includeInIndex = 0; path = Pods_SplitWiseTests.framework; sourceTree = BUILT_PRODUCTS_DIR; };
		8C5B24CF01C7E420222E0468 /* Pods-SplitWise.debug.xcconfig */ = {isa = PBXFileReference; includeInIndex = 1; lastKnownFileType = text.xcconfig; name = "Pods-SplitWise.debug.xcconfig"; path = "Target Support Files/Pods-SplitWise/Pods-SplitWise.debug.xcconfig"; sourceTree = "<group>"; };
		BE6B817822473DCD00FCA327 /* SplitWise.app */ = {isa = PBXFileReference; explicitFileType = wrapper.application; includeInIndex = 0; path = SplitWise.app; sourceTree = BUILT_PRODUCTS_DIR; };
		BE6B817B22473DCD00FCA327 /* AppDelegate.swift */ = {isa = PBXFileReference; lastKnownFileType = sourcecode.swift; path = AppDelegate.swift; sourceTree = "<group>"; };
		BE6B818022473DCD00FCA327 /* Base */ = {isa = PBXFileReference; lastKnownFileType = file.storyboard; name = Base; path = Base.lproj/Main.storyboard; sourceTree = "<group>"; };
		BE6B818222473DCE00FCA327 /* Assets.xcassets */ = {isa = PBXFileReference; lastKnownFileType = folder.assetcatalog; path = Assets.xcassets; sourceTree = "<group>"; };
		BE6B818522473DCE00FCA327 /* Base */ = {isa = PBXFileReference; lastKnownFileType = file.storyboard; name = Base; path = Base.lproj/LaunchScreen.storyboard; sourceTree = "<group>"; };
		BE6B818722473DCE00FCA327 /* Info.plist */ = {isa = PBXFileReference; lastKnownFileType = text.plist.xml; path = Info.plist; sourceTree = "<group>"; };
		BE6B818C22473DCE00FCA327 /* SplitWiseTests.xctest */ = {isa = PBXFileReference; explicitFileType = wrapper.cfbundle; includeInIndex = 0; path = SplitWiseTests.xctest; sourceTree = BUILT_PRODUCTS_DIR; };
		BE6B819022473DCE00FCA327 /* SplitWiseTests.swift */ = {isa = PBXFileReference; lastKnownFileType = sourcecode.swift; path = SplitWiseTests.swift; sourceTree = "<group>"; };
		BE6B819222473DCE00FCA327 /* Info.plist */ = {isa = PBXFileReference; lastKnownFileType = text.plist.xml; path = Info.plist; sourceTree = "<group>"; };
		BE6B819F2247951E00FCA327 /* PersistenceService.swift */ = {isa = PBXFileReference; lastKnownFileType = sourcecode.swift; path = PersistenceService.swift; sourceTree = "<group>"; };
		BE6B81A5224796B800FCA327 /* Person.swift */ = {isa = PBXFileReference; lastKnownFileType = sourcecode.swift; path = Person.swift; sourceTree = "<group>"; };
		BE6D5FB12249F6D500DAAED0 /* ViewController+Additions.swift */ = {isa = PBXFileReference; lastKnownFileType = sourcecode.swift; path = "ViewController+Additions.swift"; sourceTree = "<group>"; };
		BE6D5FBC224A73D200DAAED0 /* MembersViewController.swift */ = {isa = PBXFileReference; lastKnownFileType = sourcecode.swift; path = MembersViewController.swift; sourceTree = "<group>"; };
		BE6D5FBF224A740900DAAED0 /* MembersViewModel.swift */ = {isa = PBXFileReference; lastKnownFileType = sourcecode.swift; path = MembersViewModel.swift; sourceTree = "<group>"; };
		BE6D5FC1224A745E00DAAED0 /* MemberService.swift */ = {isa = PBXFileReference; lastKnownFileType = sourcecode.swift; path = MemberService.swift; sourceTree = "<group>"; };
		BE6D5FC5224A805100DAAED0 /* GroupDetailViewController.swift */ = {isa = PBXFileReference; lastKnownFileType = sourcecode.swift; path = GroupDetailViewController.swift; sourceTree = "<group>"; };
		BE6D5FC8224A838500DAAED0 /* GroupViewModel.swift */ = {isa = PBXFileReference; lastKnownFileType = sourcecode.swift; path = GroupViewModel.swift; sourceTree = "<group>"; };
		BE6D5FD0224B347500DAAED0 /* UIBarButtonItem.swift */ = {isa = PBXFileReference; lastKnownFileType = sourcecode.swift; path = UIBarButtonItem.swift; sourceTree = "<group>"; };
		BE6D5FD3224B42CE00DAAED0 /* UINavigationController+Rx.swift */ = {isa = PBXFileReference; fileEncoding = 4; lastKnownFileType = sourcecode.swift; path = "UINavigationController+Rx.swift"; sourceTree = "<group>"; };
		BE6D5FD6224C72D800DAAED0 /* Expense.swift */ = {isa = PBXFileReference; lastKnownFileType = sourcecode.swift; path = Expense.swift; sourceTree = "<group>"; };
		BE6D5FD8224C74A100DAAED0 /* Transaction.swift */ = {isa = PBXFileReference; lastKnownFileType = sourcecode.swift; path = Transaction.swift; sourceTree = "<group>"; };
		BE6D5FDB224C806900DAAED0 /* ExpensesViewController.swift */ = {isa = PBXFileReference; lastKnownFileType = sourcecode.swift; path = ExpensesViewController.swift; sourceTree = "<group>"; };
		BE6D5FDD224C80DA00DAAED0 /* ExpenseService.swift */ = {isa = PBXFileReference; lastKnownFileType = sourcecode.swift; path = ExpenseService.swift; sourceTree = "<group>"; };
		BE6D5FDF224C94C600DAAED0 /* ExpensesViewModel.swift */ = {isa = PBXFileReference; lastKnownFileType = sourcecode.swift; path = ExpensesViewModel.swift; sourceTree = "<group>"; };
		BE6D5FE4224C9A3200DAAED0 /* EditExpenseViewController.swift */ = {isa = PBXFileReference; lastKnownFileType = sourcecode.swift; path = EditExpenseViewController.swift; sourceTree = "<group>"; };
		BE6D5FE6224C9A8600DAAED0 /* EditExpenseViewModel.swift */ = {isa = PBXFileReference; lastKnownFileType = sourcecode.swift; path = EditExpenseViewModel.swift; sourceTree = "<group>"; };
		BE6D5FEA224CBDC800DAAED0 /* Eureka+Rx.swift */ = {isa = PBXFileReference; lastKnownFileType = sourcecode.swift; path = "Eureka+Rx.swift"; sourceTree = "<group>"; };
		BEC055F522488D750000D67B /* Group.swift */ = {isa = PBXFileReference; lastKnownFileType = sourcecode.swift; path = Group.swift; sourceTree = "<group>"; };
		BEC055F92248913C0000D67B /* GroupsViewController.swift */ = {isa = PBXFileReference; lastKnownFileType = sourcecode.swift; path = GroupsViewController.swift; sourceTree = "<group>"; };
		BEC055FD224893400000D67B /* GroupsViewModel.swift */ = {isa = PBXFileReference; lastKnownFileType = sourcecode.swift; path = GroupsViewModel.swift; sourceTree = "<group>"; };
		BEC056012248A2240000D67B /* BindableType.swift */ = {isa = PBXFileReference; lastKnownFileType = sourcecode.swift; path = BindableType.swift; sourceTree = "<group>"; };
		BEC056032248A4760000D67B /* GroupService.swift */ = {isa = PBXFileReference; lastKnownFileType = sourcecode.swift; path = GroupService.swift; sourceTree = "<group>"; };
		BEC056072248BA7D0000D67B /* EditGroupViewController.swift */ = {isa = PBXFileReference; lastKnownFileType = sourcecode.swift; path = EditGroupViewController.swift; sourceTree = "<group>"; };
		BEC0560A2248C2320000D67B /* EditGroupViewModel.swift */ = {isa = PBXFileReference; lastKnownFileType = sourcecode.swift; path = EditGroupViewModel.swift; sourceTree = "<group>"; };
		BEC0560D2248CA0F0000D67B /* CoordinatorType.swift */ = {isa = PBXFileReference; lastKnownFileType = sourcecode.swift; path = CoordinatorType.swift; sourceTree = "<group>"; };
		BEC0560F2248CA330000D67B /* Scene.swift */ = {isa = PBXFileReference; lastKnownFileType = sourcecode.swift; path = Scene.swift; sourceTree = "<group>"; };
		BEC056112248CAA00000D67B /* SceneTransitionType.swift */ = {isa = PBXFileReference; lastKnownFileType = sourcecode.swift; path = SceneTransitionType.swift; sourceTree = "<group>"; };
		BEC056132248CB1F0000D67B /* Scene+ViewController.swift */ = {isa = PBXFileReference; lastKnownFileType = sourcecode.swift; path = "Scene+ViewController.swift"; sourceTree = "<group>"; };
		BEC056152248CCF90000D67B /* SceneCoordinator.swift */ = {isa = PBXFileReference; lastKnownFileType = sourcecode.swift; path = SceneCoordinator.swift; sourceTree = "<group>"; };
		BEC056172248CF770000D67B /* AppManager.swift */ = {isa = PBXFileReference; lastKnownFileType = sourcecode.swift; path = AppManager.swift; sourceTree = "<group>"; };
/* End PBXFileReference section */

/* Begin PBXFrameworksBuildPhase section */
		BE6B817522473DCD00FCA327 /* Frameworks */ = {
			isa = PBXFrameworksBuildPhase;
			buildActionMask = 2147483647;
			files = (
				6F8C86F4FFCBB0F7B49A26A6 /* Pods_SplitWise.framework in Frameworks */,
			);
			runOnlyForDeploymentPostprocessing = 0;
		};
		BE6B818922473DCE00FCA327 /* Frameworks */ = {
			isa = PBXFrameworksBuildPhase;
			buildActionMask = 2147483647;
			files = (
				CD9DAD0AECBAB0A458F12BA9 /* Pods_SplitWiseTests.framework in Frameworks */,
			);
			runOnlyForDeploymentPostprocessing = 0;
		};
/* End PBXFrameworksBuildPhase section */

/* Begin PBXGroup section */
		955B5E33D9467E3D706ED18E /* Pods */ = {
			isa = PBXGroup;
			children = (
				8C5B24CF01C7E420222E0468 /* Pods-SplitWise.debug.xcconfig */,
				203AEE2010A64387352500A0 /* Pods-SplitWise.release.xcconfig */,
				185BD43B61390C034345DB8B /* Pods-SplitWiseTests.debug.xcconfig */,
				02176D5CA5128895103FDEF9 /* Pods-SplitWiseTests.release.xcconfig */,
			);
			path = Pods;
			sourceTree = "<group>";
		};
		BE6B816F22473DCD00FCA327 = {
			isa = PBXGroup;
			children = (
				BE6B817A22473DCD00FCA327 /* SplitWise */,
				BE6B818F22473DCE00FCA327 /* SplitWiseTests */,
				BE6B817922473DCD00FCA327 /* Products */,
				955B5E33D9467E3D706ED18E /* Pods */,
				F88527BB4DE143B194EE3A44 /* Frameworks */,
			);
			sourceTree = "<group>";
		};
		BE6B817922473DCD00FCA327 /* Products */ = {
			isa = PBXGroup;
			children = (
				BE6B817822473DCD00FCA327 /* SplitWise.app */,
				BE6B818C22473DCE00FCA327 /* SplitWiseTests.xctest */,
			);
			name = Products;
			sourceTree = "<group>";
		};
		BE6B817A22473DCD00FCA327 /* SplitWise */ = {
			isa = PBXGroup;
			children = (
				BE6B819B224794A900FCA327 /* Classes */,
				BE6B817B22473DCD00FCA327 /* AppDelegate.swift */,
				BE6B817F22473DCD00FCA327 /* Main.storyboard */,
				BE6B818222473DCE00FCA327 /* Assets.xcassets */,
				BE6B818422473DCE00FCA327 /* LaunchScreen.storyboard */,
				BE6B818722473DCE00FCA327 /* Info.plist */,
			);
			path = SplitWise;
			sourceTree = "<group>";
		};
		BE6B818F22473DCE00FCA327 /* SplitWiseTests */ = {
			isa = PBXGroup;
			children = (
				BE6B819022473DCE00FCA327 /* SplitWiseTests.swift */,
				BE6B819222473DCE00FCA327 /* Info.plist */,
			);
			path = SplitWiseTests;
			sourceTree = "<group>";
		};
		BE6B819B224794A900FCA327 /* Classes */ = {
			isa = PBXGroup;
			children = (
				BE6D5FCF224B346400DAAED0 /* Extensions */,
				BEC0560C2248C9F10000D67B /* Coordinator */,
				BEC056002248A1FC0000D67B /* Helper */,
				BEC055FC224893200000D67B /* ViewModels */,
				BE6B81A22247966F00FCA327 /* Models */,
				BE6B819E224794C100FCA327 /* Services */,
				BE6B819C224794B200FCA327 /* Components */,
			);
			path = Classes;
			sourceTree = "<group>";
		};
		BE6B819C224794B200FCA327 /* Components */ = {
			isa = PBXGroup;
			children = (
				BE6D5FDA224C805400DAAED0 /* Expenses */,
				BE6D5FBB224A73C200DAAED0 /* Members */,
				BEC055F82248911F0000D67B /* Groups */,
			);
			path = Components;
			sourceTree = "<group>";
		};
		BE6B819E224794C100FCA327 /* Services */ = {
			isa = PBXGroup;
			children = (
				BE6B819F2247951E00FCA327 /* PersistenceService.swift */,
				BEC056032248A4760000D67B /* GroupService.swift */,
				BE6D5FC1224A745E00DAAED0 /* MemberService.swift */,
				BE6D5FDD224C80DA00DAAED0 /* ExpenseService.swift */,
			);
			path = Services;
			sourceTree = "<group>";
		};
		BE6B81A22247966F00FCA327 /* Models */ = {
			isa = PBXGroup;
			children = (
				BE6B81A5224796B800FCA327 /* Person.swift */,
				BEC055F522488D750000D67B /* Group.swift */,
				BEC056012248A2240000D67B /* BindableType.swift */,
				BE6D5FD6224C72D800DAAED0 /* Expense.swift */,
				BE6D5FD8224C74A100DAAED0 /* Transaction.swift */,
			);
			path = Models;
			sourceTree = "<group>";
		};
		BE6D5FBB224A73C200DAAED0 /* Members */ = {
			isa = PBXGroup;
			children = (
				BE6D5FBC224A73D200DAAED0 /* MembersViewController.swift */,
			);
			path = Members;
			sourceTree = "<group>";
		};
		BE6D5FCF224B346400DAAED0 /* Extensions */ = {
			isa = PBXGroup;
			children = (
				BE6D5FD3224B42CE00DAAED0 /* UINavigationController+Rx.swift */,
				BE6D5FD0224B347500DAAED0 /* UIBarButtonItem.swift */,
			);
			path = Extensions;
			sourceTree = "<group>";
		};
		BE6D5FDA224C805400DAAED0 /* Expenses */ = {
			isa = PBXGroup;
			children = (
				BE6D5FDB224C806900DAAED0 /* ExpensesViewController.swift */,
				BE6D5FE4224C9A3200DAAED0 /* EditExpenseViewController.swift */,
			);
			path = Expenses;
			sourceTree = "<group>";
		};
		BEC055F82248911F0000D67B /* Groups */ = {
			isa = PBXGroup;
			children = (
				BEC055F92248913C0000D67B /* GroupsViewController.swift */,
				BEC056072248BA7D0000D67B /* EditGroupViewController.swift */,
				BE6D5FC5224A805100DAAED0 /* GroupDetailViewController.swift */,
			);
			path = Groups;
			sourceTree = "<group>";
		};
		BEC055FC224893200000D67B /* ViewModels */ = {
			isa = PBXGroup;
			children = (
				BEC055FD224893400000D67B /* GroupsViewModel.swift */,
				BEC0560A2248C2320000D67B /* EditGroupViewModel.swift */,
				BE6D5FBF224A740900DAAED0 /* MembersViewModel.swift */,
				BE6D5FC8224A838500DAAED0 /* GroupViewModel.swift */,
				BE6D5FDF224C94C600DAAED0 /* ExpensesViewModel.swift */,
				BE6D5FE6224C9A8600DAAED0 /* EditExpenseViewModel.swift */,
			);
			path = ViewModels;
			sourceTree = "<group>";
		};
		BEC056002248A1FC0000D67B /* Helper */ = {
			isa = PBXGroup;
			children = (
				BEC056172248CF770000D67B /* AppManager.swift */,
				BE6D5FB12249F6D500DAAED0 /* ViewController+Additions.swift */,
				BE6D5FEA224CBDC800DAAED0 /* Eureka+Rx.swift */,
			);
			path = Helper;
			sourceTree = "<group>";
		};
		BEC0560C2248C9F10000D67B /* Coordinator */ = {
			isa = PBXGroup;
			children = (
				BEC0560D2248CA0F0000D67B /* CoordinatorType.swift */,
				BEC0560F2248CA330000D67B /* Scene.swift */,
				BEC056112248CAA00000D67B /* SceneTransitionType.swift */,
				BEC056132248CB1F0000D67B /* Scene+ViewController.swift */,
				BEC056152248CCF90000D67B /* SceneCoordinator.swift */,
			);
			path = Coordinator;
			sourceTree = "<group>";
		};
		F88527BB4DE143B194EE3A44 /* Frameworks */ = {
			isa = PBXGroup;
			children = (
				15D81CB2E4B370DFA47F9CDD /* Pods_SplitWise.framework */,
				86CA5C4A54D26C6DC8146A3B /* Pods_SplitWiseTests.framework */,
			);
			name = Frameworks;
			sourceTree = "<group>";
		};
/* End PBXGroup section */

/* Begin PBXNativeTarget section */
		BE6B817722473DCD00FCA327 /* SplitWise */ = {
			isa = PBXNativeTarget;
			buildConfigurationList = BE6B819522473DCE00FCA327 /* Build configuration list for PBXNativeTarget "SplitWise" */;
			buildPhases = (
				AAE318BA4728B243D84512E0 /* [CP] Check Pods Manifest.lock */,
				BE6B817422473DCD00FCA327 /* Sources */,
				BE6B817522473DCD00FCA327 /* Frameworks */,
				BE6B817622473DCD00FCA327 /* Resources */,
				74D6C6E219F4AA6EFBAB6BE9 /* [CP] Embed Pods Frameworks */,
			);
			buildRules = (
			);
			dependencies = (
			);
			name = SplitWise;
			productName = SplitWise;
			productReference = BE6B817822473DCD00FCA327 /* SplitWise.app */;
			productType = "com.apple.product-type.application";
		};
		BE6B818B22473DCE00FCA327 /* SplitWiseTests */ = {
			isa = PBXNativeTarget;
			buildConfigurationList = BE6B819822473DCE00FCA327 /* Build configuration list for PBXNativeTarget "SplitWiseTests" */;
			buildPhases = (
				4663103FC12BA03101F1BA62 /* [CP] Check Pods Manifest.lock */,
				BE6B818822473DCE00FCA327 /* Sources */,
				BE6B818922473DCE00FCA327 /* Frameworks */,
				BE6B818A22473DCE00FCA327 /* Resources */,
				9764E6C677E885734202E0B4 /* [CP] Embed Pods Frameworks */,
			);
			buildRules = (
			);
			dependencies = (
				BE6B818E22473DCE00FCA327 /* PBXTargetDependency */,
			);
			name = SplitWiseTests;
			productName = SplitWiseTests;
			productReference = BE6B818C22473DCE00FCA327 /* SplitWiseTests.xctest */;
			productType = "com.apple.product-type.bundle.unit-test";
		};
/* End PBXNativeTarget section */

/* Begin PBXProject section */
		BE6B817022473DCD00FCA327 /* Project object */ = {
			isa = PBXProject;
			attributes = {
				LastSwiftUpdateCheck = 1010;
				LastUpgradeCheck = 1010;
				ORGANIZATIONNAME = YOMIStudio;
				TargetAttributes = {
					BE6B817722473DCD00FCA327 = {
						CreatedOnToolsVersion = 10.1;
					};
					BE6B818B22473DCE00FCA327 = {
						CreatedOnToolsVersion = 10.1;
						TestTargetID = BE6B817722473DCD00FCA327;
					};
				};
			};
			buildConfigurationList = BE6B817322473DCD00FCA327 /* Build configuration list for PBXProject "SplitWise" */;
			compatibilityVersion = "Xcode 9.3";
			developmentRegion = en;
			hasScannedForEncodings = 0;
			knownRegions = (
				en,
				Base,
			);
			mainGroup = BE6B816F22473DCD00FCA327;
			productRefGroup = BE6B817922473DCD00FCA327 /* Products */;
			projectDirPath = "";
			projectRoot = "";
			targets = (
				BE6B817722473DCD00FCA327 /* SplitWise */,
				BE6B818B22473DCE00FCA327 /* SplitWiseTests */,
			);
		};
/* End PBXProject section */

/* Begin PBXResourcesBuildPhase section */
		BE6B817622473DCD00FCA327 /* Resources */ = {
			isa = PBXResourcesBuildPhase;
			buildActionMask = 2147483647;
			files = (
				BE6B818622473DCE00FCA327 /* LaunchScreen.storyboard in Resources */,
				BE6B818322473DCE00FCA327 /* Assets.xcassets in Resources */,
				BE6B818122473DCD00FCA327 /* Main.storyboard in Resources */,
			);
			runOnlyForDeploymentPostprocessing = 0;
		};
		BE6B818A22473DCE00FCA327 /* Resources */ = {
			isa = PBXResourcesBuildPhase;
			buildActionMask = 2147483647;
			files = (
			);
			runOnlyForDeploymentPostprocessing = 0;
		};
/* End PBXResourcesBuildPhase section */

/* Begin PBXShellScriptBuildPhase section */
		4663103FC12BA03101F1BA62 /* [CP] Check Pods Manifest.lock */ = {
			isa = PBXShellScriptBuildPhase;
			buildActionMask = 2147483647;
			files = (
			);
			inputFileListPaths = (
			);
			inputPaths = (
				"${PODS_PODFILE_DIR_PATH}/Podfile.lock",
				"${PODS_ROOT}/Manifest.lock",
			);
			name = "[CP] Check Pods Manifest.lock";
			outputFileListPaths = (
			);
			outputPaths = (
				"$(DERIVED_FILE_DIR)/Pods-SplitWiseTests-checkManifestLockResult.txt",
			);
			runOnlyForDeploymentPostprocessing = 0;
			shellPath = /bin/sh;
			shellScript = "diff \"${PODS_PODFILE_DIR_PATH}/Podfile.lock\" \"${PODS_ROOT}/Manifest.lock\" > /dev/null\nif [ $? != 0 ] ; then\n    # print error to STDERR\n    echo \"error: The sandbox is not in sync with the Podfile.lock. Run 'pod install' or update your CocoaPods installation.\" >&2\n    exit 1\nfi\n# This output is used by Xcode 'outputs' to avoid re-running this script phase.\necho \"SUCCESS\" > \"${SCRIPT_OUTPUT_FILE_0}\"\n";
			showEnvVarsInLog = 0;
		};
		74D6C6E219F4AA6EFBAB6BE9 /* [CP] Embed Pods Frameworks */ = {
			isa = PBXShellScriptBuildPhase;
			buildActionMask = 2147483647;
			files = (
			);
			inputFileListPaths = (
			);
			inputPaths = (
				"${PODS_ROOT}/Target Support Files/Pods-SplitWise/Pods-SplitWise-frameworks.sh",
				"${BUILT_PRODUCTS_DIR}/Action/Action.framework",
				"${BUILT_PRODUCTS_DIR}/Eureka/Eureka.framework",
				"${BUILT_PRODUCTS_DIR}/NSObject+Rx/NSObject_Rx.framework",
				"${BUILT_PRODUCTS_DIR}/Realm/Realm.framework",
				"${BUILT_PRODUCTS_DIR}/RealmSwift/RealmSwift.framework",
				"${BUILT_PRODUCTS_DIR}/RxAtomic/RxAtomic.framework",
				"${BUILT_PRODUCTS_DIR}/RxCocoa/RxCocoa.framework",
				"${BUILT_PRODUCTS_DIR}/RxRealm/RxRealm.framework",
				"${BUILT_PRODUCTS_DIR}/RxRealmDataSources/RxRealmDataSources.framework",
				"${BUILT_PRODUCTS_DIR}/RxSwift/RxSwift.framework",
			);
			name = "[CP] Embed Pods Frameworks";
			outputFileListPaths = (
			);
			outputPaths = (
				"${TARGET_BUILD_DIR}/${FRAMEWORKS_FOLDER_PATH}/Action.framework",
				"${TARGET_BUILD_DIR}/${FRAMEWORKS_FOLDER_PATH}/Eureka.framework",
				"${TARGET_BUILD_DIR}/${FRAMEWORKS_FOLDER_PATH}/NSObject_Rx.framework",
				"${TARGET_BUILD_DIR}/${FRAMEWORKS_FOLDER_PATH}/Realm.framework",
				"${TARGET_BUILD_DIR}/${FRAMEWORKS_FOLDER_PATH}/RealmSwift.framework",
				"${TARGET_BUILD_DIR}/${FRAMEWORKS_FOLDER_PATH}/RxAtomic.framework",
				"${TARGET_BUILD_DIR}/${FRAMEWORKS_FOLDER_PATH}/RxCocoa.framework",
				"${TARGET_BUILD_DIR}/${FRAMEWORKS_FOLDER_PATH}/RxRealm.framework",
				"${TARGET_BUILD_DIR}/${FRAMEWORKS_FOLDER_PATH}/RxRealmDataSources.framework",
				"${TARGET_BUILD_DIR}/${FRAMEWORKS_FOLDER_PATH}/RxSwift.framework",
			);
			runOnlyForDeploymentPostprocessing = 0;
			shellPath = /bin/sh;
			shellScript = "\"${PODS_ROOT}/Target Support Files/Pods-SplitWise/Pods-SplitWise-frameworks.sh\"\n";
			showEnvVarsInLog = 0;
		};
		9764E6C677E885734202E0B4 /* [CP] Embed Pods Frameworks */ = {
			isa = PBXShellScriptBuildPhase;
			buildActionMask = 2147483647;
			files = (
			);
			inputFileListPaths = (
			);
			inputPaths = (
				"${PODS_ROOT}/Target Support Files/Pods-SplitWiseTests/Pods-SplitWiseTests-frameworks.sh",
				"${BUILT_PRODUCTS_DIR}/RxAtomic/RxAtomic.framework",
				"${BUILT_PRODUCTS_DIR}/RxSwift/RxSwift.framework",
				"${BUILT_PRODUCTS_DIR}/RxBlocking/RxBlocking.framework",
				"${BUILT_PRODUCTS_DIR}/RxTest/RxTest.framework",
			);
			name = "[CP] Embed Pods Frameworks";
			outputFileListPaths = (
			);
			outputPaths = (
				"${TARGET_BUILD_DIR}/${FRAMEWORKS_FOLDER_PATH}/RxAtomic.framework",
				"${TARGET_BUILD_DIR}/${FRAMEWORKS_FOLDER_PATH}/RxSwift.framework",
				"${TARGET_BUILD_DIR}/${FRAMEWORKS_FOLDER_PATH}/RxBlocking.framework",
				"${TARGET_BUILD_DIR}/${FRAMEWORKS_FOLDER_PATH}/RxTest.framework",
			);
			runOnlyForDeploymentPostprocessing = 0;
			shellPath = /bin/sh;
			shellScript = "\"${PODS_ROOT}/Target Support Files/Pods-SplitWiseTests/Pods-SplitWiseTests-frameworks.sh\"\n";
			showEnvVarsInLog = 0;
		};
		AAE318BA4728B243D84512E0 /* [CP] Check Pods Manifest.lock */ = {
			isa = PBXShellScriptBuildPhase;
			buildActionMask = 2147483647;
			files = (
			);
			inputFileListPaths = (
			);
			inputPaths = (
				"${PODS_PODFILE_DIR_PATH}/Podfile.lock",
				"${PODS_ROOT}/Manifest.lock",
			);
			name = "[CP] Check Pods Manifest.lock";
			outputFileListPaths = (
			);
			outputPaths = (
				"$(DERIVED_FILE_DIR)/Pods-SplitWise-checkManifestLockResult.txt",
			);
			runOnlyForDeploymentPostprocessing = 0;
			shellPath = /bin/sh;
			shellScript = "diff \"${PODS_PODFILE_DIR_PATH}/Podfile.lock\" \"${PODS_ROOT}/Manifest.lock\" > /dev/null\nif [ $? != 0 ] ; then\n    # print error to STDERR\n    echo \"error: The sandbox is not in sync with the Podfile.lock. Run 'pod install' or update your CocoaPods installation.\" >&2\n    exit 1\nfi\n# This output is used by Xcode 'outputs' to avoid re-running this script phase.\necho \"SUCCESS\" > \"${SCRIPT_OUTPUT_FILE_0}\"\n";
			showEnvVarsInLog = 0;
		};
/* End PBXShellScriptBuildPhase section */

/* Begin PBXSourcesBuildPhase section */
		BE6B817422473DCD00FCA327 /* Sources */ = {
			isa = PBXSourcesBuildPhase;
			buildActionMask = 2147483647;
			files = (
				BE6D5FD1224B347500DAAED0 /* UIBarButtonItem.swift in Sources */,
				BE6B81A02247951E00FCA327 /* PersistenceService.swift in Sources */,
				BEC056142248CB1F0000D67B /* Scene+ViewController.swift in Sources */,
				BEC055FA2248913C0000D67B /* GroupsViewController.swift in Sources */,
				BE6D5FDE224C80DA00DAAED0 /* ExpenseService.swift in Sources */,
				BE6D5FC0224A740900DAAED0 /* MembersViewModel.swift in Sources */,
				BEC055FE224893400000D67B /* GroupsViewModel.swift in Sources */,
				BEC056022248A2240000D67B /* BindableType.swift in Sources */,
				BE6D5FE7224C9A8600DAAED0 /* EditExpenseViewModel.swift in Sources */,
				BEC0560B2248C2320000D67B /* EditGroupViewModel.swift in Sources */,
				BE6D5FDC224C806900DAAED0 /* ExpensesViewController.swift in Sources */,
				BEC056162248CCF90000D67B /* SceneCoordinator.swift in Sources */,
				BE6D5FD4224B42CF00DAAED0 /* UINavigationController+Rx.swift in Sources */,
				BEC056182248CF770000D67B /* AppManager.swift in Sources */,
				BE6D5FE0224C94C600DAAED0 /* ExpensesViewModel.swift in Sources */,
				BEC056082248BA7D0000D67B /* EditGroupViewController.swift in Sources */,
				BE6D5FE5224C9A3200DAAED0 /* EditExpenseViewController.swift in Sources */,
				BE6B81A6224796B800FCA327 /* Person.swift in Sources */,
				BE6D5FC2224A745E00DAAED0 /* MemberService.swift in Sources */,
				BE6D5FC9224A838500DAAED0 /* GroupViewModel.swift in Sources */,
				BE6D5FBD224A73D200DAAED0 /* MembersViewController.swift in Sources */,
				BEC0560E2248CA0F0000D67B /* CoordinatorType.swift in Sources */,
				BEC056122248CAA00000D67B /* SceneTransitionType.swift in Sources */,
				BE6D5FD9224C74A100DAAED0 /* Transaction.swift in Sources */,
				BE6D5FC6224A805100DAAED0 /* GroupDetailViewController.swift in Sources */,
				BEC056102248CA330000D67B /* Scene.swift in Sources */,
				BEC055F622488D750000D67B /* Group.swift in Sources */,
				BE6B817C22473DCD00FCA327 /* AppDelegate.swift in Sources */,
				BE6D5FEB224CBDC800DAAED0 /* Eureka+Rx.swift in Sources */,
				BEC056042248A4760000D67B /* GroupService.swift in Sources */,
				BE6D5FB22249F6D500DAAED0 /* ViewController+Additions.swift in Sources */,
				BE6D5FD7224C72D800DAAED0 /* Expense.swift in Sources */,
			);
			runOnlyForDeploymentPostprocessing = 0;
		};
		BE6B818822473DCE00FCA327 /* Sources */ = {
			isa = PBXSourcesBuildPhase;
			buildActionMask = 2147483647;
			files = (
				BE6D5FBE224A73D500DAAED0 /* MembersViewController.swift in Sources */,
				BEC056062248AEA50000D67B /* BindableType.swift in Sources */,
				BE6D5FE2224C974F00DAAED0 /* Transaction.swift in Sources */,
				BE6B81A7224796B800FCA327 /* Person.swift in Sources */,
				BE6B819122473DCE00FCA327 /* SplitWiseTests.swift in Sources */,
				BE6D5FD2224B347500DAAED0 /* UIBarButtonItem.swift in Sources */,
				BE6D5FCA224A838500DAAED0 /* GroupViewModel.swift in Sources */,
				BE6D5FE8224C9D0000DAAED0 /* EditExpenseViewModel.swift in Sources */,
				BE6D5FC4224A7D0500DAAED0 /* EditGroupViewController.swift in Sources */,
				BEC055FF224893400000D67B /* GroupsViewModel.swift in Sources */,
				BE6D5FC7224A805100DAAED0 /* GroupDetailViewController.swift in Sources */,
				BE6D5FB5224A187100DAAED0 /* CoordinatorType.swift in Sources */,
				BE6D5FB9224A187500DAAED0 /* SceneCoordinator.swift in Sources */,
				BE6D5FB8224A187500DAAED0 /* Scene+ViewController.swift in Sources */,
				BE6B81A12247951E00FCA327 /* PersistenceService.swift in Sources */,
				BEC055F722488D750000D67B /* Group.swift in Sources */,
				BE6D5FBA224A361300DAAED0 /* EditGroupViewModel.swift in Sources */,
				BEC056192248CF770000D67B /* AppManager.swift in Sources */,
				BEC056052248A7010000D67B /* GroupService.swift in Sources */,
				BE6D5FD5224B42CF00DAAED0 /* UINavigationController+Rx.swift in Sources */,
				BE6D5FC3224A7B6300DAAED0 /* MembersViewModel.swift in Sources */,
				BE6D5FE3224C99EF00DAAED0 /* ExpensesViewModel.swift in Sources */,
				BE6D5FE1224C974D00DAAED0 /* Expense.swift in Sources */,
				BEC055FB2248913C0000D67B /* GroupsViewController.swift in Sources */,
				BE6D5FB6224A187500DAAED0 /* Scene.swift in Sources */,
				BE6D5FB7224A187500DAAED0 /* SceneTransitionType.swift in Sources */,
			);
			runOnlyForDeploymentPostprocessing = 0;
		};
/* End PBXSourcesBuildPhase section */

/* Begin PBXTargetDependency section */
		BE6B818E22473DCE00FCA327 /* PBXTargetDependency */ = {
			isa = PBXTargetDependency;
			target = BE6B817722473DCD00FCA327 /* SplitWise */;
			targetProxy = BE6B818D22473DCE00FCA327 /* PBXContainerItemProxy */;
		};
/* End PBXTargetDependency section */

/* Begin PBXVariantGroup section */
		BE6B817F22473DCD00FCA327 /* Main.storyboard */ = {
			isa = PBXVariantGroup;
			children = (
				BE6B818022473DCD00FCA327 /* Base */,
			);
			name = Main.storyboard;
			sourceTree = "<group>";
		};
		BE6B818422473DCE00FCA327 /* LaunchScreen.storyboard */ = {
			isa = PBXVariantGroup;
			children = (
				BE6B818522473DCE00FCA327 /* Base */,
			);
			name = LaunchScreen.storyboard;
			sourceTree = "<group>";
		};
/* End PBXVariantGroup section */

/* Begin XCBuildConfiguration section */
		BE6B819322473DCE00FCA327 /* Debug */ = {
			isa = XCBuildConfiguration;
			buildSettings = {
				ALWAYS_SEARCH_USER_PATHS = NO;
				CLANG_ANALYZER_NONNULL = YES;
				CLANG_ANALYZER_NUMBER_OBJECT_CONVERSION = YES_AGGRESSIVE;
				CLANG_CXX_LANGUAGE_STANDARD = "gnu++14";
				CLANG_CXX_LIBRARY = "libc++";
				CLANG_ENABLE_MODULES = YES;
				CLANG_ENABLE_OBJC_ARC = YES;
				CLANG_ENABLE_OBJC_WEAK = YES;
				CLANG_WARN_BLOCK_CAPTURE_AUTORELEASING = YES;
				CLANG_WARN_BOOL_CONVERSION = YES;
				CLANG_WARN_COMMA = YES;
				CLANG_WARN_CONSTANT_CONVERSION = YES;
				CLANG_WARN_DEPRECATED_OBJC_IMPLEMENTATIONS = YES;
				CLANG_WARN_DIRECT_OBJC_ISA_USAGE = YES_ERROR;
				CLANG_WARN_DOCUMENTATION_COMMENTS = YES;
				CLANG_WARN_EMPTY_BODY = YES;
				CLANG_WARN_ENUM_CONVERSION = YES;
				CLANG_WARN_INFINITE_RECURSION = YES;
				CLANG_WARN_INT_CONVERSION = YES;
				CLANG_WARN_NON_LITERAL_NULL_CONVERSION = YES;
				CLANG_WARN_OBJC_IMPLICIT_RETAIN_SELF = YES;
				CLANG_WARN_OBJC_LITERAL_CONVERSION = YES;
				CLANG_WARN_OBJC_ROOT_CLASS = YES_ERROR;
				CLANG_WARN_RANGE_LOOP_ANALYSIS = YES;
				CLANG_WARN_STRICT_PROTOTYPES = YES;
				CLANG_WARN_SUSPICIOUS_MOVE = YES;
				CLANG_WARN_UNGUARDED_AVAILABILITY = YES_AGGRESSIVE;
				CLANG_WARN_UNREACHABLE_CODE = YES;
				CLANG_WARN__DUPLICATE_METHOD_MATCH = YES;
				CODE_SIGN_IDENTITY = "iPhone Developer";
				COPY_PHASE_STRIP = NO;
				DEBUG_INFORMATION_FORMAT = dwarf;
				ENABLE_STRICT_OBJC_MSGSEND = YES;
				ENABLE_TESTABILITY = YES;
				GCC_C_LANGUAGE_STANDARD = gnu11;
				GCC_DYNAMIC_NO_PIC = NO;
				GCC_NO_COMMON_BLOCKS = YES;
				GCC_OPTIMIZATION_LEVEL = 0;
				GCC_PREPROCESSOR_DEFINITIONS = (
					"DEBUG=1",
					"$(inherited)",
				);
				GCC_WARN_64_TO_32_BIT_CONVERSION = YES;
				GCC_WARN_ABOUT_RETURN_TYPE = YES_ERROR;
				GCC_WARN_UNDECLARED_SELECTOR = YES;
				GCC_WARN_UNINITIALIZED_AUTOS = YES_AGGRESSIVE;
				GCC_WARN_UNUSED_FUNCTION = YES;
				GCC_WARN_UNUSED_VARIABLE = YES;
				IPHONEOS_DEPLOYMENT_TARGET = 12.1;
				MTL_ENABLE_DEBUG_INFO = INCLUDE_SOURCE;
				MTL_FAST_MATH = YES;
				ONLY_ACTIVE_ARCH = YES;
				SDKROOT = iphoneos;
				SWIFT_ACTIVE_COMPILATION_CONDITIONS = DEBUG;
				SWIFT_OPTIMIZATION_LEVEL = "-Onone";
			};
			name = Debug;
		};
		BE6B819422473DCE00FCA327 /* Release */ = {
			isa = XCBuildConfiguration;
			buildSettings = {
				ALWAYS_SEARCH_USER_PATHS = NO;
				CLANG_ANALYZER_NONNULL = YES;
				CLANG_ANALYZER_NUMBER_OBJECT_CONVERSION = YES_AGGRESSIVE;
				CLANG_CXX_LANGUAGE_STANDARD = "gnu++14";
				CLANG_CXX_LIBRARY = "libc++";
				CLANG_ENABLE_MODULES = YES;
				CLANG_ENABLE_OBJC_ARC = YES;
				CLANG_ENABLE_OBJC_WEAK = YES;
				CLANG_WARN_BLOCK_CAPTURE_AUTORELEASING = YES;
				CLANG_WARN_BOOL_CONVERSION = YES;
				CLANG_WARN_COMMA = YES;
				CLANG_WARN_CONSTANT_CONVERSION = YES;
				CLANG_WARN_DEPRECATED_OBJC_IMPLEMENTATIONS = YES;
				CLANG_WARN_DIRECT_OBJC_ISA_USAGE = YES_ERROR;
				CLANG_WARN_DOCUMENTATION_COMMENTS = YES;
				CLANG_WARN_EMPTY_BODY = YES;
				CLANG_WARN_ENUM_CONVERSION = YES;
				CLANG_WARN_INFINITE_RECURSION = YES;
				CLANG_WARN_INT_CONVERSION = YES;
				CLANG_WARN_NON_LITERAL_NULL_CONVERSION = YES;
				CLANG_WARN_OBJC_IMPLICIT_RETAIN_SELF = YES;
				CLANG_WARN_OBJC_LITERAL_CONVERSION = YES;
				CLANG_WARN_OBJC_ROOT_CLASS = YES_ERROR;
				CLANG_WARN_RANGE_LOOP_ANALYSIS = YES;
				CLANG_WARN_STRICT_PROTOTYPES = YES;
				CLANG_WARN_SUSPICIOUS_MOVE = YES;
				CLANG_WARN_UNGUARDED_AVAILABILITY = YES_AGGRESSIVE;
				CLANG_WARN_UNREACHABLE_CODE = YES;
				CLANG_WARN__DUPLICATE_METHOD_MATCH = YES;
				CODE_SIGN_IDENTITY = "iPhone Developer";
				COPY_PHASE_STRIP = NO;
				DEBUG_INFORMATION_FORMAT = "dwarf-with-dsym";
				ENABLE_NS_ASSERTIONS = NO;
				ENABLE_STRICT_OBJC_MSGSEND = YES;
				GCC_C_LANGUAGE_STANDARD = gnu11;
				GCC_NO_COMMON_BLOCKS = YES;
				GCC_WARN_64_TO_32_BIT_CONVERSION = YES;
				GCC_WARN_ABOUT_RETURN_TYPE = YES_ERROR;
				GCC_WARN_UNDECLARED_SELECTOR = YES;
				GCC_WARN_UNINITIALIZED_AUTOS = YES_AGGRESSIVE;
				GCC_WARN_UNUSED_FUNCTION = YES;
				GCC_WARN_UNUSED_VARIABLE = YES;
				IPHONEOS_DEPLOYMENT_TARGET = 12.1;
				MTL_ENABLE_DEBUG_INFO = NO;
				MTL_FAST_MATH = YES;
				SDKROOT = iphoneos;
				SWIFT_COMPILATION_MODE = wholemodule;
				SWIFT_OPTIMIZATION_LEVEL = "-O";
				VALIDATE_PRODUCT = YES;
			};
			name = Release;
		};
		BE6B819622473DCE00FCA327 /* Debug */ = {
			isa = XCBuildConfiguration;
			baseConfigurationReference = 8C5B24CF01C7E420222E0468 /* Pods-SplitWise.debug.xcconfig */;
			buildSettings = {
				ASSETCATALOG_COMPILER_APPICON_NAME = AppIcon;
				CODE_SIGN_STYLE = Automatic;
				DEVELOPMENT_TEAM = 8L8DQN3DMF;
				INFOPLIST_FILE = SplitWise/Info.plist;
				LD_RUNPATH_SEARCH_PATHS = (
					"$(inherited)",
					"@executable_path/Frameworks",
				);
				PRODUCT_BUNDLE_IDENTIFIER = yomi.studio.SplitWise;
				PRODUCT_NAME = "$(TARGET_NAME)";
				SWIFT_VERSION = 4.2;
				TARGETED_DEVICE_FAMILY = "1,2";
			};
			name = Debug;
		};
		BE6B819722473DCE00FCA327 /* Release */ = {
			isa = XCBuildConfiguration;
			baseConfigurationReference = 203AEE2010A64387352500A0 /* Pods-SplitWise.release.xcconfig */;
			buildSettings = {
				ASSETCATALOG_COMPILER_APPICON_NAME = AppIcon;
				CODE_SIGN_STYLE = Automatic;
				DEVELOPMENT_TEAM = 8L8DQN3DMF;
				INFOPLIST_FILE = SplitWise/Info.plist;
				LD_RUNPATH_SEARCH_PATHS = (
					"$(inherited)",
					"@executable_path/Frameworks",
				);
				PRODUCT_BUNDLE_IDENTIFIER = yomi.studio.SplitWise;
				PRODUCT_NAME = "$(TARGET_NAME)";
				SWIFT_VERSION = 4.2;
				TARGETED_DEVICE_FAMILY = "1,2";
			};
			name = Release;
		};
		BE6B819922473DCE00FCA327 /* Debug */ = {
			isa = XCBuildConfiguration;
			baseConfigurationReference = 185BD43B61390C034345DB8B /* Pods-SplitWiseTests.debug.xcconfig */;
			buildSettings = {
				ALWAYS_EMBED_SWIFT_STANDARD_LIBRARIES = YES;
				BUNDLE_LOADER = "$(TEST_HOST)";
				CODE_SIGN_STYLE = Automatic;
				DEVELOPMENT_TEAM = 8L8DQN3DMF;
				INFOPLIST_FILE = SplitWiseTests/Info.plist;
				LD_RUNPATH_SEARCH_PATHS = (
					"$(inherited)",
					"@executable_path/Frameworks",
					"@loader_path/Frameworks",
				);
				PRODUCT_BUNDLE_IDENTIFIER = yomi.studio.SplitWiseTests;
				PRODUCT_NAME = "$(TARGET_NAME)";
				SWIFT_VERSION = 4.2;
				TARGETED_DEVICE_FAMILY = "1,2";
				TEST_HOST = "$(BUILT_PRODUCTS_DIR)/SplitWise.app/SplitWise";
			};
			name = Debug;
		};
		BE6B819A22473DCE00FCA327 /* Release */ = {
			isa = XCBuildConfiguration;
			baseConfigurationReference = 02176D5CA5128895103FDEF9 /* Pods-SplitWiseTests.release.xcconfig */;
			buildSettings = {
				ALWAYS_EMBED_SWIFT_STANDARD_LIBRARIES = YES;
				BUNDLE_LOADER = "$(TEST_HOST)";
				CODE_SIGN_STYLE = Automatic;
				DEVELOPMENT_TEAM = 8L8DQN3DMF;
				INFOPLIST_FILE = SplitWiseTests/Info.plist;
				LD_RUNPATH_SEARCH_PATHS = (
					"$(inherited)",
					"@executable_path/Frameworks",
					"@loader_path/Frameworks",
				);
				PRODUCT_BUNDLE_IDENTIFIER = yomi.studio.SplitWiseTests;
				PRODUCT_NAME = "$(TARGET_NAME)";
				SWIFT_VERSION = 4.2;
				TARGETED_DEVICE_FAMILY = "1,2";
				TEST_HOST = "$(BUILT_PRODUCTS_DIR)/SplitWise.app/SplitWise";
			};
			name = Release;
		};
/* End XCBuildConfiguration section */

/* Begin XCConfigurationList section */
		BE6B817322473DCD00FCA327 /* Build configuration list for PBXProject "SplitWise" */ = {
			isa = XCConfigurationList;
			buildConfigurations = (
				BE6B819322473DCE00FCA327 /* Debug */,
				BE6B819422473DCE00FCA327 /* Release */,
			);
			defaultConfigurationIsVisible = 0;
			defaultConfigurationName = Release;
		};
		BE6B819522473DCE00FCA327 /* Build configuration list for PBXNativeTarget "SplitWise" */ = {
			isa = XCConfigurationList;
			buildConfigurations = (
				BE6B819622473DCE00FCA327 /* Debug */,
				BE6B819722473DCE00FCA327 /* Release */,
			);
			defaultConfigurationIsVisible = 0;
			defaultConfigurationName = Release;
		};
		BE6B819822473DCE00FCA327 /* Build configuration list for PBXNativeTarget "SplitWiseTests" */ = {
			isa = XCConfigurationList;
			buildConfigurations = (
				BE6B819922473DCE00FCA327 /* Debug */,
				BE6B819A22473DCE00FCA327 /* Release */,
			);
			defaultConfigurationIsVisible = 0;
			defaultConfigurationName = Release;
		};
/* End XCConfigurationList section */
	};
	rootObject = BE6B817022473DCD00FCA327 /* Project object */;
}
